# THIS IS AN AUTOGENERATED FILE. DO NOT EDIT THIS FILE DIRECTLY.
# yarn lockfile v1


"@swan-io/boxed@^3.1.2":
  version "3.1.2"
  resolved "https://registry.yarnpkg.com/@swan-io/boxed/-/boxed-3.1.2.tgz#268f6b6f45268d6bc8eb14d154860d7e4e0f305b"
  integrity sha512-F/GZMYeC29cOHHSjURp/kL3iT+kouDfbt/fV1Y53zpC2M9rmlH/zkjX7z//wc8VRwXE5QksxMahhPlwm9QTGOA==

"@types/node@^22.9.3":
  version "22.9.3"
  resolved "https://registry.yarnpkg.com/@types/node/-/node-22.9.3.tgz#08f3d64b3bc6d74b162d36f60213e8a6704ef2b4"
  integrity sha512-F3u1fs/fce3FFk+DAxbxc78DF8x0cY09RRL8GnXLmkJ1jvx3TtPdWoTT5/NiYfI5ASqXBmfqJi9dZ3gxMx4lzw==
  dependencies:
    undici-types "~6.19.8"

effect@^3.10.16:
  version "3.10.16"
  resolved "https://registry.yarnpkg.com/effect/-/effect-3.10.16.tgz#908354b4462c718a3628a948efabc5e0c7c3c623"
  integrity sha512-7d69IMsIgnJKzopBMHdZR7d3JWwdHgzaIyIXif5jpu8gtQujIrIpgABXXMe+47KNSuS5k12s9dMRL3B8Y9s+Sw==
  dependencies:
    fast-check "^3.21.0"

fast-check@^3.21.0:
  version "3.23.1"
  resolved "https://registry.yarnpkg.com/fast-check/-/fast-check-3.23.1.tgz#a25f5c0f6a58f92f2a68cb7dfe1476054329ea3f"
  integrity sha512-u/MudsoQEgBUZgR5N1v87vEgybeVYus9VnDVaIkxkkGP2jt54naghQ3PCQHJiogS8U/GavZCUPFfx3Xkp+NaHw==
  dependencies:
    pure-rand "^6.1.0"

fp-ts@^2.16.9:
  version "2.16.9"
  resolved "https://registry.yarnpkg.com/fp-ts/-/fp-ts-2.16.9.tgz#99628fc5e0bb3b432c4a16d8f4455247380bae8a"
  integrity sha512-+I2+FnVB+tVaxcYyQkHUq7ZdKScaBlX53A41mxQtpIccsfyv8PzdzP7fzp2AY832T4aoK6UZ5WRX/ebGd8uZuQ==

pure-rand@^6.1.0:
  version "6.1.0"
  resolved "https://registry.yarnpkg.com/pure-rand/-/pure-rand-6.1.0.tgz#d173cf23258231976ccbdb05247c9787957604f2"
  integrity sha512-bVWawvoZoBYpp6yIoQtQXHZjmz35RSVHnUOTefl8Vcjr8snTPY1wnpSPMWekcFwbxI6gtmT7rSYPFvz71ldiOA==

ts-pattern@^5.5.0:
  version "5.5.0"
  resolved "https://registry.yarnpkg.com/ts-pattern/-/ts-pattern-5.5.0.tgz#1f137eb2bd2bc30a030b5583dee022d00fac3415"
  integrity sha512-jqbIpTsa/KKTJYWgPNsFNbLVpwCgzXfFJ1ukNn4I8hMwyQzHMJnk/BqWzggB0xpkILuKzaO/aMYhS0SkaJyKXg==

typescript@^5.6.3:
  version "5.6.3"
  resolved "https://registry.yarnpkg.com/typescript/-/typescript-5.6.3.tgz#5f3449e31c9d94febb17de03cc081dd56d81db5b"
  integrity sha512-hjcS1mhfuyi4WW8IWtjP7brDrG2cuDZukyrYrSauoXGNgx0S7zceP07adYkJycEr56BOUTNPzbInooiN3fn1qw==

undici-types@~6.19.8:
  version "6.19.8"
  resolved "https://registry.yarnpkg.com/undici-types/-/undici-types-6.19.8.tgz#35111c9d1437ab83a7cdc0abae2f26d88eda0a02"
  integrity sha512-ve2KP6f/JnbPBFyobGHuerC9g1FYGn/F8n1LWTwNxCEzd6IfqTwUQcNXgEtmmQ6DlRrC1hrSrBnCZPokRrDHjw==
